
Microsoft Visual Studio Solution File, Format Version 12.00
# Visual Studio 14
VisualStudioVersion = 14.0.25420.1
MinimumVisualStudioVersion = 10.0.40219.1
Project("{FAE04EC0-301F-11D3-BF4B-00C04F79EFBC}") = "BraceletBackend", "BraceletBackend\BraceletBackend.csproj", "{200D23F3-9E07-4EBB-A1C7-BB6055B63A02}"
EndProject
Project("{FAE04EC0-301F-11D3-BF4B-00C04F79EFBC}") = "BraceletManager", "BraceletManager\BraceletManager.csproj", "{133BAE7A-941D-44A9-AACF-05FD2BD883C9}"
EndProject
Project("{FAE04EC0-301F-11D3-BF4B-00C04F79EFBC}") = "BraceletFrontend", "BraceletFrontend\BraceletFrontend.csproj", "{DBED68A3-1BB2-4CC8-9E25-3395B02C9C3C}"
EndProject
Project("{FAE04EC0-301F-11D3-BF4B-00C04F79EFBC}") = "Testing", "Testing\Testing.csproj", "{1183E5E3-62EC-442E-A908-D30009AA6043}"
EndProject
Global
	GlobalSection(SolutionConfigurationPlatforms) = preSolution
		Debug|Any CPU = Debug|Any CPU
		Release|Any CPU = Release|Any CPU
	EndGlobalSection
	GlobalSection(ProjectConfigurationPlatforms) = postSolution
		{200D23F3-9E07-4EBB-A1C7-BB6055B63A02}.Debug|Any CPU.ActiveCfg = Debug|Any CPU
		{200D23F3-9E07-4EBB-A1C7-BB6055B63A02}.Debug|Any CPU.Build.0 = Debug|Any CPU
		{200D23F3-9E07-4EBB-A1C7-BB6055B63A02}.Release|Any CPU.ActiveCfg = Release|Any CPU
		{200D23F3-9E07-4EBB-A1C7-BB6055B63A02}.Release|Any CPU.Build.0 = Release|Any CPU
		{133BAE7A-941D-44A9-AACF-05FD2BD883C9}.Debug|Any CPU.ActiveCfg = Debug|Any CPU
		{133BAE7A-941D-44A9-AACF-05FD2BD883C9}.Debug|Any CPU.Build.0 = Debug|Any CPU
		{133BAE7A-941D-44A9-AACF-05FD2BD883C9}.Release|Any CPU.ActiveCfg = Release|Any CPU
		{133BAE7A-941D-44A9-AACF-05FD2BD883C9}.Release|Any CPU.Build.0 = Release|Any CPU
		{DBED68A3-1BB2-4CC8-9E25-3395B02C9C3C}.Debug|Any CPU.ActiveCfg = Debug|Any CPU
		{DBED68A3-1BB2-4CC8-9E25-3395B02C9C3C}.Debug|Any CPU.Build.0 = Debug|Any CPU
		{DBED68A3-1BB2-4CC8-9E25-3395B02C9C3C}.Release|Any CPU.ActiveCfg = Release|Any CPU
		{DBED68A3-1BB2-4CC8-9E25-3395B02C9C3C}.Release|Any CPU.Build.0 = Release|Any CPU
		{1183E5E3-62EC-442E-A908-D30009AA6043}.Debug|Any CPU.ActiveCfg = Debug|Any CPU
		{1183E5E3-62EC-442E-A908-D30009AA6043}.Debug|Any CPU.Build.0 = Debug|Any CPU
		{1183E5E3-62EC-442E-A908-D30009AA6043}.Release|Any CPU.ActiveCfg = Release|Any CPU
		{1183E5E3-62EC-442E-A908-D30009AA6043}.Release|Any CPU.Build.0 = Release|Any CPU
	EndGlobalSection
	GlobalSection(SolutionProperties) = preSolution
		HideSolutionNode = FALSE
	EndGlobalSection
EndGlobal
